
Microsoft Visual Studio Solution File, Format Version 12.00
# Visual Studio 15
VisualStudioVersion = 15.0.27130.2024
MinimumVisualStudioVersion = 10.0.40219.1
Project("{2150E333-8FDC-42A3-9474-1A3956D46DE8}") = "Tests", "Tests", "{FAA1C83F-D955-490B-A1B5-EDDF10392866}"
EndProject
Project("{9A19103F-16F7-4668-BE54-9A1E7A4F7556}") = "FluentHelium.Module", "FluentHelium.Module\FluentHelium.Module.csproj", "{B5203899-143B-4D8F-A5BE-39091852CAB2}"
EndProject
Project("{9A19103F-16F7-4668-BE54-9A1E7A4F7556}") = "FluentHelium.Module.Tests", "FluentHelium.Module.Tests\FluentHelium.Module.Tests.csproj", "{32BF0FD5-0310-4917-A205-CB48CF97B333}"
EndProject
Project("{9A19103F-16F7-4668-BE54-9A1E7A4F7556}") = "FluentHelium.Autofac", "FluentHelium.Autofac\FluentHelium.Autofac.csproj", "{16B245E2-975C-4A57-8E52-84CB8298FAA2}"
EndProject
Project("{9A19103F-16F7-4668-BE54-9A1E7A4F7556}") = "FluentHelium.Bdd", "FluentHelium.Bdd\FluentHelium.Bdd.csproj", "{AEA3794B-F5E7-4940-A28D-5D450BAE2D31}"
EndProject
Project("{9A19103F-16F7-4668-BE54-9A1E7A4F7556}") = "FluentHelium.Autofac.Tests", "FluentHelium.Autofac.Tests\FluentHelium.Autofac.Tests.csproj", "{F4DD0597-F90F-43D7-B867-5310314315CC}"
EndProject
Project("{2150E333-8FDC-42A3-9474-1A3956D46DE8}") = "Solution Items", "Solution Items", "{58EC0A51-F26D-4FB7-B96D-85996B79F347}"
	ProjectSection(SolutionItems) = preProject
		.editorconfig = .editorconfig
		appveyor.yml = appveyor.yml
		directory.build.props = directory.build.props
	EndProjectSection
EndProject
Project("{9A19103F-16F7-4668-BE54-9A1E7A4F7556}") = "FluentHelium.Base", "FluentHelium.Base\FluentHelium.Base.csproj", "{9B0FB6DE-A840-4F9C-9E7D-3BB2C9752E6D}"
EndProject
Project("{9A19103F-16F7-4668-BE54-9A1E7A4F7556}") = "FluentHelium.Benchmarks", "FluentHelium.Benchmarks\FluentHelium.Benchmarks.csproj", "{70FF66FD-2AFB-4F68-9484-B3BAEFB614A7}"
EndProject
Global
	GlobalSection(SolutionConfigurationPlatforms) = preSolution
		Debug|Any CPU = Debug|Any CPU
		Release|Any CPU = Release|Any CPU
	EndGlobalSection
	GlobalSection(ProjectConfigurationPlatforms) = postSolution
		{B5203899-143B-4D8F-A5BE-39091852CAB2}.Debug|Any CPU.ActiveCfg = Debug|Any CPU
		{B5203899-143B-4D8F-A5BE-39091852CAB2}.Debug|Any CPU.Build.0 = Debug|Any CPU
		{B5203899-143B-4D8F-A5BE-39091852CAB2}.Release|Any CPU.ActiveCfg = Release|Any CPU
		{B5203899-143B-4D8F-A5BE-39091852CAB2}.Release|Any CPU.Build.0 = Release|Any CPU
		{32BF0FD5-0310-4917-A205-CB48CF97B333}.Debug|Any CPU.ActiveCfg = Debug|Any CPU
		{32BF0FD5-0310-4917-A205-CB48CF97B333}.Debug|Any CPU.Build.0 = Debug|Any CPU
		{32BF0FD5-0310-4917-A205-CB48CF97B333}.Release|Any CPU.ActiveCfg = Release|Any CPU
		{32BF0FD5-0310-4917-A205-CB48CF97B333}.Release|Any CPU.Build.0 = Release|Any CPU
		{16B245E2-975C-4A57-8E52-84CB8298FAA2}.Debug|Any CPU.ActiveCfg = Debug|Any CPU
		{16B245E2-975C-4A57-8E52-84CB8298FAA2}.Debug|Any CPU.Build.0 = Debug|Any CPU
		{16B245E2-975C-4A57-8E52-84CB8298FAA2}.Release|Any CPU.ActiveCfg = Release|Any CPU
		{16B245E2-975C-4A57-8E52-84CB8298FAA2}.Release|Any CPU.Build.0 = Release|Any CPU
		{AEA3794B-F5E7-4940-A28D-5D450BAE2D31}.Debug|Any CPU.ActiveCfg = Debug|Any CPU
		{AEA3794B-F5E7-4940-A28D-5D450BAE2D31}.Debug|Any CPU.Build.0 = Debug|Any CPU
		{AEA3794B-F5E7-4940-A28D-5D450BAE2D31}.Release|Any CPU.ActiveCfg = Release|Any CPU
		{AEA3794B-F5E7-4940-A28D-5D450BAE2D31}.Release|Any CPU.Build.0 = Release|Any CPU
		{F4DD0597-F90F-43D7-B867-5310314315CC}.Debug|Any CPU.ActiveCfg = Debug|Any CPU
		{F4DD0597-F90F-43D7-B867-5310314315CC}.Debug|Any CPU.Build.0 = Debug|Any CPU
		{F4DD0597-F90F-43D7-B867-5310314315CC}.Release|Any CPU.ActiveCfg = Release|Any CPU
		{F4DD0597-F90F-43D7-B867-5310314315CC}.Release|Any CPU.Build.0 = Release|Any CPU
		{9B0FB6DE-A840-4F9C-9E7D-3BB2C9752E6D}.Debug|Any CPU.ActiveCfg = Debug|Any CPU
		{9B0FB6DE-A840-4F9C-9E7D-3BB2C9752E6D}.Debug|Any CPU.Build.0 = Debug|Any CPU
		{9B0FB6DE-A840-4F9C-9E7D-3BB2C9752E6D}.Release|Any CPU.ActiveCfg = Release|Any CPU
		{9B0FB6DE-A840-4F9C-9E7D-3BB2C9752E6D}.Release|Any CPU.Build.0 = Release|Any CPU
		{70FF66FD-2AFB-4F68-9484-B3BAEFB614A7}.Debug|Any CPU.ActiveCfg = Debug|Any CPU
		{70FF66FD-2AFB-4F68-9484-B3BAEFB614A7}.Debug|Any CPU.Build.0 = Debug|Any CPU
		{70FF66FD-2AFB-4F68-9484-B3BAEFB614A7}.Release|Any CPU.ActiveCfg = Release|Any CPU
		{70FF66FD-2AFB-4F68-9484-B3BAEFB614A7}.Release|Any CPU.Build.0 = Release|Any CPU
	EndGlobalSection
	GlobalSection(SolutionProperties) = preSolution
		HideSolutionNode = FALSE
	EndGlobalSection
	GlobalSection(NestedProjects) = preSolution
		{32BF0FD5-0310-4917-A205-CB48CF97B333} = {FAA1C83F-D955-490B-A1B5-EDDF10392866}
		{F4DD0597-F90F-43D7-B867-5310314315CC} = {FAA1C83F-D955-490B-A1B5-EDDF10392866}
	EndGlobalSection
	GlobalSection(ExtensibilityGlobals) = postSolution
		SolutionGuid = {6739BCEF-A531-499A-B545-76377BF5AC18}
	EndGlobalSection
	GlobalSection(MercurialSourceControlSolutionProperties) = preSolution
		SolutionIsControlled = True
		SolutionBindings = <Solution Location In Database>
	EndGlobalSection
EndGlobal
